
Microsoft Visual Studio Solution File, Format Version 12.00
# Visual Studio Version 16
VisualStudioVersion = 16.0.31229.75
MinimumVisualStudioVersion = 10.0.40219.1
Project("{FAE04EC0-301F-11D3-BF4B-00C04F79EFBC}") = "FiguresLibrary", "FiguresLibrary\FiguresLibrary.csproj", "{C6CEB953-7BA8-4160-85C8-E48469311E7C}"
EndProject
Project("{FAE04EC0-301F-11D3-BF4B-00C04F79EFBC}") = "FiguresLibraryTests1", "FiguresLibraryTests1\FiguresLibraryTests1.csproj", "{81060A3A-AD5A-4E20-BA28-03ED004FF959}"
EndProject
Project("{FAE04EC0-301F-11D3-BF4B-00C04F79EFBC}") = "ConsoleAppLab1", "..\ConsoleAppLab1\ConsoleAppLab1.csproj", "{2F87B4D7-F722-4F28-86F0-A07D1A7DC2FF}"
EndProject
Global
	GlobalSection(SolutionConfigurationPlatforms) = preSolution
		Debug|Any CPU = Debug|Any CPU
		Release|Any CPU = Release|Any CPU
	EndGlobalSection
	GlobalSection(ProjectConfigurationPlatforms) = postSolution
		{C6CEB953-7BA8-4160-85C8-E48469311E7C}.Debug|Any CPU.ActiveCfg = Debug|Any CPU
		{C6CEB953-7BA8-4160-85C8-E48469311E7C}.Debug|Any CPU.Build.0 = Debug|Any CPU
		{C6CEB953-7BA8-4160-85C8-E48469311E7C}.Release|Any CPU.ActiveCfg = Release|Any CPU
		{C6CEB953-7BA8-4160-85C8-E48469311E7C}.Release|Any CPU.Build.0 = Release|Any CPU
		{81060A3A-AD5A-4E20-BA28-03ED004FF959}.Debug|Any CPU.ActiveCfg = Debug|Any CPU
		{81060A3A-AD5A-4E20-BA28-03ED004FF959}.Debug|Any CPU.Build.0 = Debug|Any CPU
		{81060A3A-AD5A-4E20-BA28-03ED004FF959}.Release|Any CPU.ActiveCfg = Release|Any CPU
		{81060A3A-AD5A-4E20-BA28-03ED004FF959}.Release|Any CPU.Build.0 = Release|Any CPU
		{2F87B4D7-F722-4F28-86F0-A07D1A7DC2FF}.Debug|Any CPU.ActiveCfg = Debug|Any CPU
		{2F87B4D7-F722-4F28-86F0-A07D1A7DC2FF}.Debug|Any CPU.Build.0 = Debug|Any CPU
		{2F87B4D7-F722-4F28-86F0-A07D1A7DC2FF}.Release|Any CPU.ActiveCfg = Release|Any CPU
		{2F87B4D7-F722-4F28-86F0-A07D1A7DC2FF}.Release|Any CPU.Build.0 = Release|Any CPU
	EndGlobalSection
	GlobalSection(SolutionProperties) = preSolution
		HideSolutionNode = FALSE
	EndGlobalSection
	GlobalSection(ExtensibilityGlobals) = postSolution
		SolutionGuid = {61555680-F01B-485F-BC2F-1828164DE601}
	EndGlobalSection
EndGlobal
